
Microsoft Visual Studio Solution File, Format Version 12.00
# Visual Studio Version 17
VisualStudioVersion = 17.2.32616.157
MinimumVisualStudioVersion = 10.0.40219.1
Project("{2150E333-8FDC-42A3-9474-1A3956D46DE8}") = "src", "src", "{4F6544C9-645C-470E-92A1-7AA9B2959563}"
EndProject
Project("{2150E333-8FDC-42A3-9474-1A3956D46DE8}") = "tests", "tests", "{2683F2DF-DCB1-4485-BFC4-E195CCA09416}"
EndProject
Project("{9A19103F-16F7-4668-BE54-9A1E7A4F7556}") = "ChitChat.Api", "src\ChitChat.Api\ChitChat.Api.csproj", "{2963E9A4-AE6E-497D-8AD3-C56D27742FFD}"
EndProject
Project("{9A19103F-16F7-4668-BE54-9A1E7A4F7556}") = "ChitChat.Data", "src\ChitChat.Data\ChitChat.Data.csproj", "{D19F8B9C-21AC-4382-A3B1-F5B466AECA24}"
EndProject
Project("{9A19103F-16F7-4668-BE54-9A1E7A4F7556}") = "ChitChat.Identity", "src\ChitChat.Identity\ChitChat.Identity.csproj", "{5BFF382F-5D92-4DCF-8DF9-4CD07FDDF76B}"
EndProject
Project("{9A19103F-16F7-4668-BE54-9A1E7A4F7556}") = "ChitChat.Infrastructure", "src\ChitChat.Infrastructure\ChitChat.Infrastructure.csproj", "{F5207C38-66A4-482D-8F65-949F99C2CB25}"
EndProject
Project("{9A19103F-16F7-4668-BE54-9A1E7A4F7556}") = "ChitChat.Api.Tests", "tests\ChitChat.Api.Tests\ChitChat.Api.Tests.csproj", "{C46B0010-080F-4FD2-BAD8-5CA3C78BF3D4}"
EndProject
Project("{9A19103F-16F7-4668-BE54-9A1E7A4F7556}") = "ChitChat.Data.Tests", "tests\ChitChat.Data.Tests\ChitChat.Data.Tests.csproj", "{03E37F39-1077-4668-A5FD-7B83C049528B}"
EndProject
Project("{9A19103F-16F7-4668-BE54-9A1E7A4F7556}") = "ChitChat.Identity.Tests", "tests\ChitChat.Identity.Tests\ChitChat.Identity.Tests.csproj", "{1706FAD8-B7FC-4124-AB1F-740368D7B997}"
EndProject
Project("{9A19103F-16F7-4668-BE54-9A1E7A4F7556}") = "ChitChat.Infrastructure.Tests", "tests\ChitChat.Infrastructure.Tests\ChitChat.Infrastructure.Tests.csproj", "{D9762C0D-A3D2-4AE7-A2E8-99D32E1EA05E}"
EndProject
Global
	GlobalSection(SolutionConfigurationPlatforms) = preSolution
		Debug|Any CPU = Debug|Any CPU
		Release|Any CPU = Release|Any CPU
	EndGlobalSection
	GlobalSection(ProjectConfigurationPlatforms) = postSolution
		{2963E9A4-AE6E-497D-8AD3-C56D27742FFD}.Debug|Any CPU.ActiveCfg = Debug|Any CPU
		{2963E9A4-AE6E-497D-8AD3-C56D27742FFD}.Debug|Any CPU.Build.0 = Debug|Any CPU
		{2963E9A4-AE6E-497D-8AD3-C56D27742FFD}.Release|Any CPU.ActiveCfg = Release|Any CPU
		{2963E9A4-AE6E-497D-8AD3-C56D27742FFD}.Release|Any CPU.Build.0 = Release|Any CPU
		{D19F8B9C-21AC-4382-A3B1-F5B466AECA24}.Debug|Any CPU.ActiveCfg = Debug|Any CPU
		{D19F8B9C-21AC-4382-A3B1-F5B466AECA24}.Debug|Any CPU.Build.0 = Debug|Any CPU
		{D19F8B9C-21AC-4382-A3B1-F5B466AECA24}.Release|Any CPU.ActiveCfg = Release|Any CPU
		{D19F8B9C-21AC-4382-A3B1-F5B466AECA24}.Release|Any CPU.Build.0 = Release|Any CPU
		{5BFF382F-5D92-4DCF-8DF9-4CD07FDDF76B}.Debug|Any CPU.ActiveCfg = Debug|Any CPU
		{5BFF382F-5D92-4DCF-8DF9-4CD07FDDF76B}.Debug|Any CPU.Build.0 = Debug|Any CPU
		{5BFF382F-5D92-4DCF-8DF9-4CD07FDDF76B}.Release|Any CPU.ActiveCfg = Release|Any CPU
		{5BFF382F-5D92-4DCF-8DF9-4CD07FDDF76B}.Release|Any CPU.Build.0 = Release|Any CPU
		{F5207C38-66A4-482D-8F65-949F99C2CB25}.Debug|Any CPU.ActiveCfg = Debug|Any CPU
		{F5207C38-66A4-482D-8F65-949F99C2CB25}.Debug|Any CPU.Build.0 = Debug|Any CPU
		{F5207C38-66A4-482D-8F65-949F99C2CB25}.Release|Any CPU.ActiveCfg = Release|Any CPU
		{F5207C38-66A4-482D-8F65-949F99C2CB25}.Release|Any CPU.Build.0 = Release|Any CPU
		{C46B0010-080F-4FD2-BAD8-5CA3C78BF3D4}.Debug|Any CPU.ActiveCfg = Debug|Any CPU
		{C46B0010-080F-4FD2-BAD8-5CA3C78BF3D4}.Debug|Any CPU.Build.0 = Debug|Any CPU
		{C46B0010-080F-4FD2-BAD8-5CA3C78BF3D4}.Release|Any CPU.ActiveCfg = Release|Any CPU
		{C46B0010-080F-4FD2-BAD8-5CA3C78BF3D4}.Release|Any CPU.Build.0 = Release|Any CPU
		{03E37F39-1077-4668-A5FD-7B83C049528B}.Debug|Any CPU.ActiveCfg = Debug|Any CPU
		{03E37F39-1077-4668-A5FD-7B83C049528B}.Debug|Any CPU.Build.0 = Debug|Any CPU
		{03E37F39-1077-4668-A5FD-7B83C049528B}.Release|Any CPU.ActiveCfg = Release|Any CPU
		{03E37F39-1077-4668-A5FD-7B83C049528B}.Release|Any CPU.Build.0 = Release|Any CPU
		{1706FAD8-B7FC-4124-AB1F-740368D7B997}.Debug|Any CPU.ActiveCfg = Debug|Any CPU
		{1706FAD8-B7FC-4124-AB1F-740368D7B997}.Debug|Any CPU.Build.0 = Debug|Any CPU
		{1706FAD8-B7FC-4124-AB1F-740368D7B997}.Release|Any CPU.ActiveCfg = Release|Any CPU
		{1706FAD8-B7FC-4124-AB1F-740368D7B997}.Release|Any CPU.Build.0 = Release|Any CPU
		{D9762C0D-A3D2-4AE7-A2E8-99D32E1EA05E}.Debug|Any CPU.ActiveCfg = Debug|Any CPU
		{D9762C0D-A3D2-4AE7-A2E8-99D32E1EA05E}.Debug|Any CPU.Build.0 = Debug|Any CPU
		{D9762C0D-A3D2-4AE7-A2E8-99D32E1EA05E}.Release|Any CPU.ActiveCfg = Release|Any CPU
		{D9762C0D-A3D2-4AE7-A2E8-99D32E1EA05E}.Release|Any CPU.Build.0 = Release|Any CPU
	EndGlobalSection
	GlobalSection(SolutionProperties) = preSolution
		HideSolutionNode = FALSE
	EndGlobalSection
	GlobalSection(NestedProjects) = preSolution
		{2963E9A4-AE6E-497D-8AD3-C56D27742FFD} = {4F6544C9-645C-470E-92A1-7AA9B2959563}
		{D19F8B9C-21AC-4382-A3B1-F5B466AECA24} = {4F6544C9-645C-470E-92A1-7AA9B2959563}
		{5BFF382F-5D92-4DCF-8DF9-4CD07FDDF76B} = {4F6544C9-645C-470E-92A1-7AA9B2959563}
		{F5207C38-66A4-482D-8F65-949F99C2CB25} = {4F6544C9-645C-470E-92A1-7AA9B2959563}
		{C46B0010-080F-4FD2-BAD8-5CA3C78BF3D4} = {2683F2DF-DCB1-4485-BFC4-E195CCA09416}
		{03E37F39-1077-4668-A5FD-7B83C049528B} = {2683F2DF-DCB1-4485-BFC4-E195CCA09416}
		{1706FAD8-B7FC-4124-AB1F-740368D7B997} = {2683F2DF-DCB1-4485-BFC4-E195CCA09416}
		{D9762C0D-A3D2-4AE7-A2E8-99D32E1EA05E} = {2683F2DF-DCB1-4485-BFC4-E195CCA09416}
	EndGlobalSection
	GlobalSection(ExtensibilityGlobals) = postSolution
		SolutionGuid = {3754D969-981C-4F25-972D-43D35BC2D6A6}
	EndGlobalSection
EndGlobal
