
Microsoft Visual Studio Solution File, Format Version 12.00
# Visual Studio Version 17
VisualStudioVersion = 17.2.32616.157
MinimumVisualStudioVersion = 10.0.40219.1
Project("{2150E333-8FDC-42A3-9474-1A3956D46DE8}") = "src", "src", "{4F6544C9-645C-470E-92A1-7AA9B2959563}"
EndProject
Project("{2150E333-8FDC-42A3-9474-1A3956D46DE8}") = "tests", "tests", "{2683F2DF-DCB1-4485-BFC4-E195CCA09416}"
EndProject
Project("{9A19103F-16F7-4668-BE54-9A1E7A4F7556}") = "ChitChat.Api", "src\ChitChat.Api\ChitChat.Api.csproj", "{2963E9A4-AE6E-497D-8AD3-C56D27742FFD}"
EndProject
Project("{9A19103F-16F7-4668-BE54-9A1E7A4F7556}") = "ChitChat.Data", "src\ChitChat.Data\ChitChat.Data.csproj", "{D19F8B9C-21AC-4382-A3B1-F5B466AECA24}"
EndProject
Project("{9A19103F-16F7-4668-BE54-9A1E7A4F7556}") = "ChitChat.Identity", "src\ChitChat.Identity\ChitChat.Identity.csproj", "{5BFF382F-5D92-4DCF-8DF9-4CD07FDDF76B}"
EndProject
Project("{9A19103F-16F7-4668-BE54-9A1E7A4F7556}") = "ChitChat.Infrastructure", "src\ChitChat.Infrastructure\ChitChat.Infrastructure.csproj", "{F5207C38-66A4-482D-8F65-949F99C2CB25}"
EndProject
Project("{9A19103F-16F7-4668-BE54-9A1E7A4F7556}") = "ChitChat.Infrastructure.Tests", "ChitChat.Infrastructure.Tests\ChitChat.Infrastructure.Tests.csproj", "{5D370C9B-6D81-403F-A571-3C0D40FA6ED9}"
EndProject
Project("{9A19103F-16F7-4668-BE54-9A1E7A4F7556}") = "ChitChat.Identity.Tests", "ChitChat.Identity.Tests\ChitChat.Identity.Tests.csproj", "{3B41AD2C-EE7E-4B2D-B681-976A73098484}"
EndProject
Project("{9A19103F-16F7-4668-BE54-9A1E7A4F7556}") = "ChitChat.Api.Tests", "ChitChat.Api.Tests\ChitChat.Api.Tests.csproj", "{9415FC9F-D324-45E1-AEDE-1135C63C2DA6}"
EndProject
Project("{FAE04EC0-301F-11D3-BF4B-00C04F79EFBC}") = "ChitChat.Data.Tests", "ChitChat.Data.Tests\ChitChat.Data.Tests.csproj", "{5F3D1CB0-BE92-425F-81B5-1CCE20F9BEBF}"
EndProject
Global
	GlobalSection(SolutionConfigurationPlatforms) = preSolution
		Debug|Any CPU = Debug|Any CPU
		Release|Any CPU = Release|Any CPU
	EndGlobalSection
	GlobalSection(ProjectConfigurationPlatforms) = postSolution
		{2963E9A4-AE6E-497D-8AD3-C56D27742FFD}.Debug|Any CPU.ActiveCfg = Debug|Any CPU
		{2963E9A4-AE6E-497D-8AD3-C56D27742FFD}.Debug|Any CPU.Build.0 = Debug|Any CPU
		{2963E9A4-AE6E-497D-8AD3-C56D27742FFD}.Release|Any CPU.ActiveCfg = Release|Any CPU
		{2963E9A4-AE6E-497D-8AD3-C56D27742FFD}.Release|Any CPU.Build.0 = Release|Any CPU
		{D19F8B9C-21AC-4382-A3B1-F5B466AECA24}.Debug|Any CPU.ActiveCfg = Debug|Any CPU
		{D19F8B9C-21AC-4382-A3B1-F5B466AECA24}.Debug|Any CPU.Build.0 = Debug|Any CPU
		{D19F8B9C-21AC-4382-A3B1-F5B466AECA24}.Release|Any CPU.ActiveCfg = Release|Any CPU
		{D19F8B9C-21AC-4382-A3B1-F5B466AECA24}.Release|Any CPU.Build.0 = Release|Any CPU
		{5BFF382F-5D92-4DCF-8DF9-4CD07FDDF76B}.Debug|Any CPU.ActiveCfg = Debug|Any CPU
		{5BFF382F-5D92-4DCF-8DF9-4CD07FDDF76B}.Debug|Any CPU.Build.0 = Debug|Any CPU
		{5BFF382F-5D92-4DCF-8DF9-4CD07FDDF76B}.Release|Any CPU.ActiveCfg = Release|Any CPU
		{5BFF382F-5D92-4DCF-8DF9-4CD07FDDF76B}.Release|Any CPU.Build.0 = Release|Any CPU
		{F5207C38-66A4-482D-8F65-949F99C2CB25}.Debug|Any CPU.ActiveCfg = Debug|Any CPU
		{F5207C38-66A4-482D-8F65-949F99C2CB25}.Debug|Any CPU.Build.0 = Debug|Any CPU
		{F5207C38-66A4-482D-8F65-949F99C2CB25}.Release|Any CPU.ActiveCfg = Release|Any CPU
		{F5207C38-66A4-482D-8F65-949F99C2CB25}.Release|Any CPU.Build.0 = Release|Any CPU
		{5D370C9B-6D81-403F-A571-3C0D40FA6ED9}.Debug|Any CPU.ActiveCfg = Debug|Any CPU
		{5D370C9B-6D81-403F-A571-3C0D40FA6ED9}.Debug|Any CPU.Build.0 = Debug|Any CPU
		{5D370C9B-6D81-403F-A571-3C0D40FA6ED9}.Release|Any CPU.ActiveCfg = Release|Any CPU
		{5D370C9B-6D81-403F-A571-3C0D40FA6ED9}.Release|Any CPU.Build.0 = Release|Any CPU
		{3B41AD2C-EE7E-4B2D-B681-976A73098484}.Debug|Any CPU.ActiveCfg = Debug|Any CPU
		{3B41AD2C-EE7E-4B2D-B681-976A73098484}.Debug|Any CPU.Build.0 = Debug|Any CPU
		{3B41AD2C-EE7E-4B2D-B681-976A73098484}.Release|Any CPU.ActiveCfg = Release|Any CPU
		{3B41AD2C-EE7E-4B2D-B681-976A73098484}.Release|Any CPU.Build.0 = Release|Any CPU
		{9415FC9F-D324-45E1-AEDE-1135C63C2DA6}.Debug|Any CPU.ActiveCfg = Debug|Any CPU
		{9415FC9F-D324-45E1-AEDE-1135C63C2DA6}.Debug|Any CPU.Build.0 = Debug|Any CPU
		{9415FC9F-D324-45E1-AEDE-1135C63C2DA6}.Release|Any CPU.ActiveCfg = Release|Any CPU
		{9415FC9F-D324-45E1-AEDE-1135C63C2DA6}.Release|Any CPU.Build.0 = Release|Any CPU
		{5F3D1CB0-BE92-425F-81B5-1CCE20F9BEBF}.Debug|Any CPU.ActiveCfg = Debug|Any CPU
		{5F3D1CB0-BE92-425F-81B5-1CCE20F9BEBF}.Debug|Any CPU.Build.0 = Debug|Any CPU
		{5F3D1CB0-BE92-425F-81B5-1CCE20F9BEBF}.Release|Any CPU.ActiveCfg = Release|Any CPU
		{5F3D1CB0-BE92-425F-81B5-1CCE20F9BEBF}.Release|Any CPU.Build.0 = Release|Any CPU
	EndGlobalSection
	GlobalSection(SolutionProperties) = preSolution
		HideSolutionNode = FALSE
	EndGlobalSection
	GlobalSection(NestedProjects) = preSolution
		{2963E9A4-AE6E-497D-8AD3-C56D27742FFD} = {4F6544C9-645C-470E-92A1-7AA9B2959563}
		{D19F8B9C-21AC-4382-A3B1-F5B466AECA24} = {4F6544C9-645C-470E-92A1-7AA9B2959563}
		{5BFF382F-5D92-4DCF-8DF9-4CD07FDDF76B} = {4F6544C9-645C-470E-92A1-7AA9B2959563}
		{F5207C38-66A4-482D-8F65-949F99C2CB25} = {4F6544C9-645C-470E-92A1-7AA9B2959563}
		{5D370C9B-6D81-403F-A571-3C0D40FA6ED9} = {2683F2DF-DCB1-4485-BFC4-E195CCA09416}
		{3B41AD2C-EE7E-4B2D-B681-976A73098484} = {2683F2DF-DCB1-4485-BFC4-E195CCA09416}
		{9415FC9F-D324-45E1-AEDE-1135C63C2DA6} = {2683F2DF-DCB1-4485-BFC4-E195CCA09416}
		{5F3D1CB0-BE92-425F-81B5-1CCE20F9BEBF} = {2683F2DF-DCB1-4485-BFC4-E195CCA09416}
	EndGlobalSection
	GlobalSection(ExtensibilityGlobals) = postSolution
		SolutionGuid = {3754D969-981C-4F25-972D-43D35BC2D6A6}
	EndGlobalSection
EndGlobal
